
Microsoft Visual Studio Solution File, Format Version 12.00
# Visual Studio 14
VisualStudioVersion = 14.0.23107.0
MinimumVisualStudioVersion = 10.0.40219.1
Project("{2150E333-8FDC-42A3-9474-1A3956D46DE8}") = "Shared Files", "Shared Files", "{CF2BD08F-EDD1-4CBF-97AE-FA5F56F21AD6}"
	ProjectSection(SolutionItems) = preProject
		AssemblyInfoCommon.cs = AssemblyInfoCommon.cs
	EndProjectSection
EndProject
Project("{FAE04EC0-301F-11D3-BF4B-00C04F79EFBC}") = "Soft64WPF", "Soft64WPF\Soft64WPF.csproj", "{6BFF0A81-FC27-4866-8F08-BA87C80F26AC}"
EndProject
Project("{FAE04EC0-301F-11D3-BF4B-00C04F79EFBC}") = "Soft64.dll", "Soft64\Soft64.dll.csproj", "{44364805-1711-4454-A237-A4C4DFE2E1F6}"
EndProject
Project("{FAE04EC0-301F-11D3-BF4B-00C04F79EFBC}") = "Soft64UI", "Soft64UI\Soft64UI.csproj", "{A98D3EB2-DDEC-4A27-A617-B7FB61EFB14B}"
EndProject
Project("{2150E333-8FDC-42A3-9474-1A3956D46DE8}") = "Solution Items", "Solution Items", "{8217FA2D-BB43-4B9A-8A19-8ABEA8E6BAA6}"
	ProjectSection(SolutionItems) = preProject
		WebEssentials2015-Settings.json = WebEssentials2015-Settings.json
	EndProjectSection
EndProject
Project("{FAE04EC0-301F-11D3-BF4B-00C04F79EFBC}") = "Soft64Tests", "Soft64Tests\Soft64Tests.csproj", "{9713AE73-6B7E-4B88-B1E4-B407D5E09A07}"
EndProject
Global
	GlobalSection(SolutionConfigurationPlatforms) = preSolution
		Debug|x64 = Debug|x64
		Debug|x86 = Debug|x86
		DebugFull|x64 = DebugFull|x64
		DebugFull|x86 = DebugFull|x86
		Release|x64 = Release|x64
		Release|x86 = Release|x86
	EndGlobalSection
	GlobalSection(ProjectConfigurationPlatforms) = postSolution
		{6BFF0A81-FC27-4866-8F08-BA87C80F26AC}.Debug|x64.ActiveCfg = Debug|Any CPU
		{6BFF0A81-FC27-4866-8F08-BA87C80F26AC}.Debug|x86.ActiveCfg = Debug|Any CPU
		{6BFF0A81-FC27-4866-8F08-BA87C80F26AC}.DebugFull|x64.ActiveCfg = DebugFull|Any CPU
		{6BFF0A81-FC27-4866-8F08-BA87C80F26AC}.DebugFull|x86.ActiveCfg = DebugFull|Any CPU
		{6BFF0A81-FC27-4866-8F08-BA87C80F26AC}.Release|x64.ActiveCfg = Release|Any CPU
		{6BFF0A81-FC27-4866-8F08-BA87C80F26AC}.Release|x86.ActiveCfg = Release|Any CPU
		{44364805-1711-4454-A237-A4C4DFE2E1F6}.Debug|x64.ActiveCfg = Debug|Any CPU
		{44364805-1711-4454-A237-A4C4DFE2E1F6}.Debug|x64.Build.0 = Debug|Any CPU
		{44364805-1711-4454-A237-A4C4DFE2E1F6}.Debug|x86.ActiveCfg = Debug|Any CPU
		{44364805-1711-4454-A237-A4C4DFE2E1F6}.Debug|x86.Build.0 = Debug|Any CPU
		{44364805-1711-4454-A237-A4C4DFE2E1F6}.DebugFull|x64.ActiveCfg = DebugFull|Any CPU
		{44364805-1711-4454-A237-A4C4DFE2E1F6}.DebugFull|x64.Build.0 = DebugFull|Any CPU
		{44364805-1711-4454-A237-A4C4DFE2E1F6}.DebugFull|x86.ActiveCfg = DebugFull|Any CPU
		{44364805-1711-4454-A237-A4C4DFE2E1F6}.DebugFull|x86.Build.0 = DebugFull|Any CPU
		{44364805-1711-4454-A237-A4C4DFE2E1F6}.Release|x64.ActiveCfg = Release|Any CPU
		{44364805-1711-4454-A237-A4C4DFE2E1F6}.Release|x64.Build.0 = Release|Any CPU
		{44364805-1711-4454-A237-A4C4DFE2E1F6}.Release|x86.ActiveCfg = Release|Any CPU
		{44364805-1711-4454-A237-A4C4DFE2E1F6}.Release|x86.Build.0 = Release|Any CPU
		{A98D3EB2-DDEC-4A27-A617-B7FB61EFB14B}.Debug|x64.ActiveCfg = Debug|x64
		{A98D3EB2-DDEC-4A27-A617-B7FB61EFB14B}.Debug|x64.Build.0 = Debug|x64
		{A98D3EB2-DDEC-4A27-A617-B7FB61EFB14B}.Debug|x86.ActiveCfg = Debug|x86
		{A98D3EB2-DDEC-4A27-A617-B7FB61EFB14B}.Debug|x86.Build.0 = Debug|x86
		{A98D3EB2-DDEC-4A27-A617-B7FB61EFB14B}.DebugFull|x64.ActiveCfg = Debug|x64
		{A98D3EB2-DDEC-4A27-A617-B7FB61EFB14B}.DebugFull|x64.Build.0 = Debug|x64
		{A98D3EB2-DDEC-4A27-A617-B7FB61EFB14B}.DebugFull|x86.ActiveCfg = Debug|x86
		{A98D3EB2-DDEC-4A27-A617-B7FB61EFB14B}.DebugFull|x86.Build.0 = Debug|x86
		{A98D3EB2-DDEC-4A27-A617-B7FB61EFB14B}.Release|x64.ActiveCfg = Release|x64
		{A98D3EB2-DDEC-4A27-A617-B7FB61EFB14B}.Release|x64.Build.0 = Release|x64
		{A98D3EB2-DDEC-4A27-A617-B7FB61EFB14B}.Release|x86.ActiveCfg = Release|x86
		{A98D3EB2-DDEC-4A27-A617-B7FB61EFB14B}.Release|x86.Build.0 = Release|x86
		{9713AE73-6B7E-4B88-B1E4-B407D5E09A07}.Debug|x64.ActiveCfg = Debug|Any CPU
		{9713AE73-6B7E-4B88-B1E4-B407D5E09A07}.Debug|x64.Build.0 = Debug|Any CPU
		{9713AE73-6B7E-4B88-B1E4-B407D5E09A07}.Debug|x86.ActiveCfg = Debug|Any CPU
		{9713AE73-6B7E-4B88-B1E4-B407D5E09A07}.Debug|x86.Build.0 = Debug|Any CPU
		{9713AE73-6B7E-4B88-B1E4-B407D5E09A07}.DebugFull|x64.ActiveCfg = Debug|Any CPU
		{9713AE73-6B7E-4B88-B1E4-B407D5E09A07}.DebugFull|x64.Build.0 = Debug|Any CPU
		{9713AE73-6B7E-4B88-B1E4-B407D5E09A07}.DebugFull|x86.ActiveCfg = Debug|Any CPU
		{9713AE73-6B7E-4B88-B1E4-B407D5E09A07}.DebugFull|x86.Build.0 = Debug|Any CPU
		{9713AE73-6B7E-4B88-B1E4-B407D5E09A07}.Release|x64.ActiveCfg = Release|Any CPU
		{9713AE73-6B7E-4B88-B1E4-B407D5E09A07}.Release|x64.Build.0 = Release|Any CPU
		{9713AE73-6B7E-4B88-B1E4-B407D5E09A07}.Release|x86.ActiveCfg = Release|Any CPU
		{9713AE73-6B7E-4B88-B1E4-B407D5E09A07}.Release|x86.Build.0 = Release|Any CPU
	EndGlobalSection
	GlobalSection(SolutionProperties) = preSolution
		HideSolutionNode = FALSE
	EndGlobalSection
EndGlobal
