
Microsoft Visual Studio Solution File, Format Version 12.00
# Visual Studio 14
VisualStudioVersion = 14.0.23107.0
MinimumVisualStudioVersion = 10.0.40219.1
Project("{2150E333-8FDC-42A3-9474-1A3956D46DE8}") = "Shared Files", "Shared Files", "{CF2BD08F-EDD1-4CBF-97AE-FA5F56F21AD6}"
	ProjectSection(SolutionItems) = preProject
		AssemblyInfoCommon.cs = AssemblyInfoCommon.cs
	EndProjectSection
EndProject
Project("{FAE04EC0-301F-11D3-BF4B-00C04F79EFBC}") = "Soft64WPF", "Soft64WPF\Soft64WPF.csproj", "{6BFF0A81-FC27-4866-8F08-BA87C80F26AC}"
	ProjectSection(ProjectDependencies) = postProject
		{92D3FEB9-2129-41C5-8577-BCD7D961EF41} = {92D3FEB9-2129-41C5-8577-BCD7D961EF41}
		{0FA14EF4-7ABD-4CCF-8160-5B5212E9FECA} = {0FA14EF4-7ABD-4CCF-8160-5B5212E9FECA}
	EndProjectSection
EndProject
Project("{FAE04EC0-301F-11D3-BF4B-00C04F79EFBC}") = "Soft64.dll", "Soft64\Soft64.dll.csproj", "{44364805-1711-4454-A237-A4C4DFE2E1F6}"
EndProject
Project("{8BC9CEB8-8B4A-11D0-8D11-00A0C91BC942}") = "mupen64plus-core", "CompareEngine.Mupen\mupen64plus-core\projects\VisualStudio2013\mupen64plus-core.vcxproj", "{92D3FEB9-2129-41C5-8577-BCD7D961EF41}"
EndProject
Project("{8BC9CEB8-8B4A-11D0-8D11-00A0C91BC942}") = "CompareEngine.Mupen", "CompareEngine.Mupen\CompareEngine.Mupen.vcxproj", "{0FA14EF4-7ABD-4CCF-8160-5B5212E9FECA}"
	ProjectSection(ProjectDependencies) = postProject
		{92D3FEB9-2129-41C5-8577-BCD7D961EF41} = {92D3FEB9-2129-41C5-8577-BCD7D961EF41}
	EndProjectSection
EndProject
Global
	GlobalSection(SolutionConfigurationPlatforms) = preSolution
		Debug|Any CPU = Debug|Any CPU
		Debug|Mixed Platforms = Debug|Mixed Platforms
		Debug|Win32 = Debug|Win32
		Debug|x86 = Debug|x86
		DebugFull|Any CPU = DebugFull|Any CPU
		DebugFull|Mixed Platforms = DebugFull|Mixed Platforms
		DebugFull|Win32 = DebugFull|Win32
		DebugFull|x86 = DebugFull|x86
		New_Dynarec_Debug|Any CPU = New_Dynarec_Debug|Any CPU
		New_Dynarec_Debug|Mixed Platforms = New_Dynarec_Debug|Mixed Platforms
		New_Dynarec_Debug|Win32 = New_Dynarec_Debug|Win32
		New_Dynarec_Debug|x86 = New_Dynarec_Debug|x86
		New_Dynarec_Release|Any CPU = New_Dynarec_Release|Any CPU
		New_Dynarec_Release|Mixed Platforms = New_Dynarec_Release|Mixed Platforms
		New_Dynarec_Release|Win32 = New_Dynarec_Release|Win32
		New_Dynarec_Release|x86 = New_Dynarec_Release|x86
		Release|Any CPU = Release|Any CPU
		Release|Mixed Platforms = Release|Mixed Platforms
		Release|Win32 = Release|Win32
		Release|x86 = Release|x86
		Tests Debug|Any CPU = Tests Debug|Any CPU
		Tests Debug|Mixed Platforms = Tests Debug|Mixed Platforms
		Tests Debug|Win32 = Tests Debug|Win32
		Tests Debug|x86 = Tests Debug|x86
	EndGlobalSection
	GlobalSection(ProjectConfigurationPlatforms) = postSolution
		{6BFF0A81-FC27-4866-8F08-BA87C80F26AC}.Debug|Any CPU.ActiveCfg = Debug|Any CPU
		{6BFF0A81-FC27-4866-8F08-BA87C80F26AC}.Debug|Any CPU.Build.0 = Debug|Any CPU
		{6BFF0A81-FC27-4866-8F08-BA87C80F26AC}.Debug|Mixed Platforms.ActiveCfg = Debug|Any CPU
		{6BFF0A81-FC27-4866-8F08-BA87C80F26AC}.Debug|Mixed Platforms.Build.0 = Debug|Any CPU
		{6BFF0A81-FC27-4866-8F08-BA87C80F26AC}.Debug|Win32.ActiveCfg = Debug|Any CPU
		{6BFF0A81-FC27-4866-8F08-BA87C80F26AC}.Debug|x86.ActiveCfg = Debug|Any CPU
		{6BFF0A81-FC27-4866-8F08-BA87C80F26AC}.Debug|x86.Build.0 = Debug|Any CPU
		{6BFF0A81-FC27-4866-8F08-BA87C80F26AC}.DebugFull|Any CPU.ActiveCfg = DebugFull|Any CPU
		{6BFF0A81-FC27-4866-8F08-BA87C80F26AC}.DebugFull|Any CPU.Build.0 = DebugFull|Any CPU
		{6BFF0A81-FC27-4866-8F08-BA87C80F26AC}.DebugFull|Mixed Platforms.ActiveCfg = DebugFull|Any CPU
		{6BFF0A81-FC27-4866-8F08-BA87C80F26AC}.DebugFull|Mixed Platforms.Build.0 = DebugFull|Any CPU
		{6BFF0A81-FC27-4866-8F08-BA87C80F26AC}.DebugFull|Win32.ActiveCfg = DebugFull|Any CPU
		{6BFF0A81-FC27-4866-8F08-BA87C80F26AC}.DebugFull|x86.ActiveCfg = DebugFull|Any CPU
		{6BFF0A81-FC27-4866-8F08-BA87C80F26AC}.DebugFull|x86.Build.0 = DebugFull|Any CPU
		{6BFF0A81-FC27-4866-8F08-BA87C80F26AC}.New_Dynarec_Debug|Any CPU.ActiveCfg = Debug|Any CPU
		{6BFF0A81-FC27-4866-8F08-BA87C80F26AC}.New_Dynarec_Debug|Any CPU.Build.0 = Debug|Any CPU
		{6BFF0A81-FC27-4866-8F08-BA87C80F26AC}.New_Dynarec_Debug|Mixed Platforms.ActiveCfg = Debug|Any CPU
		{6BFF0A81-FC27-4866-8F08-BA87C80F26AC}.New_Dynarec_Debug|Mixed Platforms.Build.0 = Debug|Any CPU
		{6BFF0A81-FC27-4866-8F08-BA87C80F26AC}.New_Dynarec_Debug|Win32.ActiveCfg = Debug|Any CPU
		{6BFF0A81-FC27-4866-8F08-BA87C80F26AC}.New_Dynarec_Debug|x86.ActiveCfg = Debug|Any CPU
		{6BFF0A81-FC27-4866-8F08-BA87C80F26AC}.New_Dynarec_Release|Any CPU.ActiveCfg = Release|Any CPU
		{6BFF0A81-FC27-4866-8F08-BA87C80F26AC}.New_Dynarec_Release|Any CPU.Build.0 = Release|Any CPU
		{6BFF0A81-FC27-4866-8F08-BA87C80F26AC}.New_Dynarec_Release|Mixed Platforms.ActiveCfg = Release|Any CPU
		{6BFF0A81-FC27-4866-8F08-BA87C80F26AC}.New_Dynarec_Release|Mixed Platforms.Build.0 = Release|Any CPU
		{6BFF0A81-FC27-4866-8F08-BA87C80F26AC}.New_Dynarec_Release|Win32.ActiveCfg = Release|Any CPU
		{6BFF0A81-FC27-4866-8F08-BA87C80F26AC}.New_Dynarec_Release|x86.ActiveCfg = Release|Any CPU
		{6BFF0A81-FC27-4866-8F08-BA87C80F26AC}.Release|Any CPU.ActiveCfg = Release|Any CPU
		{6BFF0A81-FC27-4866-8F08-BA87C80F26AC}.Release|Any CPU.Build.0 = Release|Any CPU
		{6BFF0A81-FC27-4866-8F08-BA87C80F26AC}.Release|Mixed Platforms.ActiveCfg = Release|Any CPU
		{6BFF0A81-FC27-4866-8F08-BA87C80F26AC}.Release|Mixed Platforms.Build.0 = Release|Any CPU
		{6BFF0A81-FC27-4866-8F08-BA87C80F26AC}.Release|Win32.ActiveCfg = Release|Any CPU
		{6BFF0A81-FC27-4866-8F08-BA87C80F26AC}.Release|x86.ActiveCfg = Release|Any CPU
		{6BFF0A81-FC27-4866-8F08-BA87C80F26AC}.Release|x86.Build.0 = Release|Any CPU
		{6BFF0A81-FC27-4866-8F08-BA87C80F26AC}.Tests Debug|Any CPU.ActiveCfg = Tests Debug|Any CPU
		{6BFF0A81-FC27-4866-8F08-BA87C80F26AC}.Tests Debug|Any CPU.Build.0 = Tests Debug|Any CPU
		{6BFF0A81-FC27-4866-8F08-BA87C80F26AC}.Tests Debug|Mixed Platforms.ActiveCfg = Tests Debug|Any CPU
		{6BFF0A81-FC27-4866-8F08-BA87C80F26AC}.Tests Debug|Mixed Platforms.Build.0 = Tests Debug|Any CPU
		{6BFF0A81-FC27-4866-8F08-BA87C80F26AC}.Tests Debug|Win32.ActiveCfg = Tests Debug|Any CPU
		{6BFF0A81-FC27-4866-8F08-BA87C80F26AC}.Tests Debug|x86.ActiveCfg = Tests Debug|Any CPU
		{44364805-1711-4454-A237-A4C4DFE2E1F6}.Debug|Any CPU.ActiveCfg = Debug|Any CPU
		{44364805-1711-4454-A237-A4C4DFE2E1F6}.Debug|Any CPU.Build.0 = Debug|Any CPU
		{44364805-1711-4454-A237-A4C4DFE2E1F6}.Debug|Mixed Platforms.ActiveCfg = Debug|Any CPU
		{44364805-1711-4454-A237-A4C4DFE2E1F6}.Debug|Mixed Platforms.Build.0 = Debug|Any CPU
		{44364805-1711-4454-A237-A4C4DFE2E1F6}.Debug|Win32.ActiveCfg = Debug|Any CPU
		{44364805-1711-4454-A237-A4C4DFE2E1F6}.Debug|x86.ActiveCfg = Debug|Any CPU
		{44364805-1711-4454-A237-A4C4DFE2E1F6}.Debug|x86.Build.0 = Debug|Any CPU
		{44364805-1711-4454-A237-A4C4DFE2E1F6}.DebugFull|Any CPU.ActiveCfg = DebugFull|Any CPU
		{44364805-1711-4454-A237-A4C4DFE2E1F6}.DebugFull|Any CPU.Build.0 = DebugFull|Any CPU
		{44364805-1711-4454-A237-A4C4DFE2E1F6}.DebugFull|Mixed Platforms.ActiveCfg = DebugFull|Any CPU
		{44364805-1711-4454-A237-A4C4DFE2E1F6}.DebugFull|Mixed Platforms.Build.0 = DebugFull|Any CPU
		{44364805-1711-4454-A237-A4C4DFE2E1F6}.DebugFull|Win32.ActiveCfg = DebugFull|Any CPU
		{44364805-1711-4454-A237-A4C4DFE2E1F6}.DebugFull|x86.ActiveCfg = DebugFull|Any CPU
		{44364805-1711-4454-A237-A4C4DFE2E1F6}.DebugFull|x86.Build.0 = DebugFull|Any CPU
		{44364805-1711-4454-A237-A4C4DFE2E1F6}.New_Dynarec_Debug|Any CPU.ActiveCfg = Debug|Any CPU
		{44364805-1711-4454-A237-A4C4DFE2E1F6}.New_Dynarec_Debug|Any CPU.Build.0 = Debug|Any CPU
		{44364805-1711-4454-A237-A4C4DFE2E1F6}.New_Dynarec_Debug|Mixed Platforms.ActiveCfg = Debug|Any CPU
		{44364805-1711-4454-A237-A4C4DFE2E1F6}.New_Dynarec_Debug|Mixed Platforms.Build.0 = Debug|Any CPU
		{44364805-1711-4454-A237-A4C4DFE2E1F6}.New_Dynarec_Debug|Win32.ActiveCfg = Debug|Any CPU
		{44364805-1711-4454-A237-A4C4DFE2E1F6}.New_Dynarec_Debug|x86.ActiveCfg = Debug|Any CPU
		{44364805-1711-4454-A237-A4C4DFE2E1F6}.New_Dynarec_Release|Any CPU.ActiveCfg = Release|Any CPU
		{44364805-1711-4454-A237-A4C4DFE2E1F6}.New_Dynarec_Release|Any CPU.Build.0 = Release|Any CPU
		{44364805-1711-4454-A237-A4C4DFE2E1F6}.New_Dynarec_Release|Mixed Platforms.ActiveCfg = Release|Any CPU
		{44364805-1711-4454-A237-A4C4DFE2E1F6}.New_Dynarec_Release|Mixed Platforms.Build.0 = Release|Any CPU
		{44364805-1711-4454-A237-A4C4DFE2E1F6}.New_Dynarec_Release|Win32.ActiveCfg = Release|Any CPU
		{44364805-1711-4454-A237-A4C4DFE2E1F6}.New_Dynarec_Release|x86.ActiveCfg = Release|Any CPU
		{44364805-1711-4454-A237-A4C4DFE2E1F6}.Release|Any CPU.ActiveCfg = Release|Any CPU
		{44364805-1711-4454-A237-A4C4DFE2E1F6}.Release|Any CPU.Build.0 = Release|Any CPU
		{44364805-1711-4454-A237-A4C4DFE2E1F6}.Release|Mixed Platforms.ActiveCfg = Release|Any CPU
		{44364805-1711-4454-A237-A4C4DFE2E1F6}.Release|Mixed Platforms.Build.0 = Release|Any CPU
		{44364805-1711-4454-A237-A4C4DFE2E1F6}.Release|Win32.ActiveCfg = Release|Any CPU
		{44364805-1711-4454-A237-A4C4DFE2E1F6}.Release|x86.ActiveCfg = Release|Any CPU
		{44364805-1711-4454-A237-A4C4DFE2E1F6}.Release|x86.Build.0 = Release|Any CPU
		{44364805-1711-4454-A237-A4C4DFE2E1F6}.Tests Debug|Any CPU.ActiveCfg = Tests Debug|Any CPU
		{44364805-1711-4454-A237-A4C4DFE2E1F6}.Tests Debug|Any CPU.Build.0 = Tests Debug|Any CPU
		{44364805-1711-4454-A237-A4C4DFE2E1F6}.Tests Debug|Mixed Platforms.ActiveCfg = Tests Debug|Any CPU
		{44364805-1711-4454-A237-A4C4DFE2E1F6}.Tests Debug|Mixed Platforms.Build.0 = Tests Debug|Any CPU
		{44364805-1711-4454-A237-A4C4DFE2E1F6}.Tests Debug|Win32.ActiveCfg = Tests Debug|Any CPU
		{44364805-1711-4454-A237-A4C4DFE2E1F6}.Tests Debug|x86.ActiveCfg = Tests Debug|Any CPU
		{44364805-1711-4454-A237-A4C4DFE2E1F6}.Tests Debug|x86.Build.0 = Tests Debug|Any CPU
		{92D3FEB9-2129-41C5-8577-BCD7D961EF41}.Debug|Any CPU.ActiveCfg = Debug|Win32
		{92D3FEB9-2129-41C5-8577-BCD7D961EF41}.Debug|Mixed Platforms.ActiveCfg = Debug|Win32
		{92D3FEB9-2129-41C5-8577-BCD7D961EF41}.Debug|Mixed Platforms.Build.0 = Debug|Win32
		{92D3FEB9-2129-41C5-8577-BCD7D961EF41}.Debug|Win32.ActiveCfg = Debug|Win32
		{92D3FEB9-2129-41C5-8577-BCD7D961EF41}.Debug|Win32.Build.0 = Debug|Win32
		{92D3FEB9-2129-41C5-8577-BCD7D961EF41}.Debug|x86.ActiveCfg = Debug|Win32
		{92D3FEB9-2129-41C5-8577-BCD7D961EF41}.Debug|x86.Build.0 = Debug|Win32
		{92D3FEB9-2129-41C5-8577-BCD7D961EF41}.DebugFull|Any CPU.ActiveCfg = DebugFull|Win32
		{92D3FEB9-2129-41C5-8577-BCD7D961EF41}.DebugFull|Mixed Platforms.ActiveCfg = DebugFull|Win32
		{92D3FEB9-2129-41C5-8577-BCD7D961EF41}.DebugFull|Mixed Platforms.Build.0 = DebugFull|Win32
		{92D3FEB9-2129-41C5-8577-BCD7D961EF41}.DebugFull|Win32.ActiveCfg = DebugFull|Win32
		{92D3FEB9-2129-41C5-8577-BCD7D961EF41}.DebugFull|Win32.Build.0 = DebugFull|Win32
		{92D3FEB9-2129-41C5-8577-BCD7D961EF41}.DebugFull|x86.ActiveCfg = DebugFull|Win32
		{92D3FEB9-2129-41C5-8577-BCD7D961EF41}.DebugFull|x86.Build.0 = DebugFull|Win32
		{92D3FEB9-2129-41C5-8577-BCD7D961EF41}.New_Dynarec_Debug|Any CPU.ActiveCfg = New_Dynarec_Debug|Win32
		{92D3FEB9-2129-41C5-8577-BCD7D961EF41}.New_Dynarec_Debug|Mixed Platforms.ActiveCfg = New_Dynarec_Debug|Win32
		{92D3FEB9-2129-41C5-8577-BCD7D961EF41}.New_Dynarec_Debug|Mixed Platforms.Build.0 = New_Dynarec_Debug|Win32
		{92D3FEB9-2129-41C5-8577-BCD7D961EF41}.New_Dynarec_Debug|Win32.ActiveCfg = New_Dynarec_Debug|Win32
		{92D3FEB9-2129-41C5-8577-BCD7D961EF41}.New_Dynarec_Debug|Win32.Build.0 = New_Dynarec_Debug|Win32
		{92D3FEB9-2129-41C5-8577-BCD7D961EF41}.New_Dynarec_Debug|x86.ActiveCfg = New_Dynarec_Debug|Win32
		{92D3FEB9-2129-41C5-8577-BCD7D961EF41}.New_Dynarec_Debug|x86.Build.0 = New_Dynarec_Debug|Win32
		{92D3FEB9-2129-41C5-8577-BCD7D961EF41}.New_Dynarec_Release|Any CPU.ActiveCfg = New_Dynarec_Release|Win32
		{92D3FEB9-2129-41C5-8577-BCD7D961EF41}.New_Dynarec_Release|Mixed Platforms.ActiveCfg = New_Dynarec_Release|Win32
		{92D3FEB9-2129-41C5-8577-BCD7D961EF41}.New_Dynarec_Release|Mixed Platforms.Build.0 = New_Dynarec_Release|Win32
		{92D3FEB9-2129-41C5-8577-BCD7D961EF41}.New_Dynarec_Release|Win32.ActiveCfg = New_Dynarec_Release|Win32
		{92D3FEB9-2129-41C5-8577-BCD7D961EF41}.New_Dynarec_Release|Win32.Build.0 = New_Dynarec_Release|Win32
		{92D3FEB9-2129-41C5-8577-BCD7D961EF41}.New_Dynarec_Release|x86.ActiveCfg = New_Dynarec_Release|Win32
		{92D3FEB9-2129-41C5-8577-BCD7D961EF41}.New_Dynarec_Release|x86.Build.0 = New_Dynarec_Release|Win32
		{92D3FEB9-2129-41C5-8577-BCD7D961EF41}.Release|Any CPU.ActiveCfg = Release|Win32
		{92D3FEB9-2129-41C5-8577-BCD7D961EF41}.Release|Mixed Platforms.ActiveCfg = Release|Win32
		{92D3FEB9-2129-41C5-8577-BCD7D961EF41}.Release|Mixed Platforms.Build.0 = Release|Win32
		{92D3FEB9-2129-41C5-8577-BCD7D961EF41}.Release|Win32.ActiveCfg = Release|Win32
		{92D3FEB9-2129-41C5-8577-BCD7D961EF41}.Release|Win32.Build.0 = Release|Win32
		{92D3FEB9-2129-41C5-8577-BCD7D961EF41}.Release|x86.ActiveCfg = Release|Win32
		{92D3FEB9-2129-41C5-8577-BCD7D961EF41}.Tests Debug|Any CPU.ActiveCfg = Tests Debug|Win32
		{92D3FEB9-2129-41C5-8577-BCD7D961EF41}.Tests Debug|Mixed Platforms.ActiveCfg = Tests Debug|Win32
		{92D3FEB9-2129-41C5-8577-BCD7D961EF41}.Tests Debug|Mixed Platforms.Build.0 = Tests Debug|Win32
		{92D3FEB9-2129-41C5-8577-BCD7D961EF41}.Tests Debug|Win32.ActiveCfg = Tests Debug|Win32
		{92D3FEB9-2129-41C5-8577-BCD7D961EF41}.Tests Debug|Win32.Build.0 = Tests Debug|Win32
		{92D3FEB9-2129-41C5-8577-BCD7D961EF41}.Tests Debug|x86.ActiveCfg = Tests Debug|Win32
		{0FA14EF4-7ABD-4CCF-8160-5B5212E9FECA}.Debug|Any CPU.ActiveCfg = Debug|Win32
		{0FA14EF4-7ABD-4CCF-8160-5B5212E9FECA}.Debug|Mixed Platforms.ActiveCfg = Debug|Win32
		{0FA14EF4-7ABD-4CCF-8160-5B5212E9FECA}.Debug|Mixed Platforms.Build.0 = Debug|Win32
		{0FA14EF4-7ABD-4CCF-8160-5B5212E9FECA}.Debug|Win32.ActiveCfg = Debug|Win32
		{0FA14EF4-7ABD-4CCF-8160-5B5212E9FECA}.Debug|Win32.Build.0 = Debug|Win32
		{0FA14EF4-7ABD-4CCF-8160-5B5212E9FECA}.Debug|x86.ActiveCfg = Debug|Win32
		{0FA14EF4-7ABD-4CCF-8160-5B5212E9FECA}.Debug|x86.Build.0 = Debug|Win32
		{0FA14EF4-7ABD-4CCF-8160-5B5212E9FECA}.DebugFull|Any CPU.ActiveCfg = DebugFull|Win32
		{0FA14EF4-7ABD-4CCF-8160-5B5212E9FECA}.DebugFull|Mixed Platforms.ActiveCfg = DebugFull|Win32
		{0FA14EF4-7ABD-4CCF-8160-5B5212E9FECA}.DebugFull|Mixed Platforms.Build.0 = DebugFull|Win32
		{0FA14EF4-7ABD-4CCF-8160-5B5212E9FECA}.DebugFull|Win32.ActiveCfg = DebugFull|Win32
		{0FA14EF4-7ABD-4CCF-8160-5B5212E9FECA}.DebugFull|Win32.Build.0 = DebugFull|Win32
		{0FA14EF4-7ABD-4CCF-8160-5B5212E9FECA}.DebugFull|x86.ActiveCfg = DebugFull|Win32
		{0FA14EF4-7ABD-4CCF-8160-5B5212E9FECA}.DebugFull|x86.Build.0 = DebugFull|Win32
		{0FA14EF4-7ABD-4CCF-8160-5B5212E9FECA}.New_Dynarec_Debug|Any CPU.ActiveCfg = Debug|Win32
		{0FA14EF4-7ABD-4CCF-8160-5B5212E9FECA}.New_Dynarec_Debug|Mixed Platforms.ActiveCfg = Debug|Win32
		{0FA14EF4-7ABD-4CCF-8160-5B5212E9FECA}.New_Dynarec_Debug|Mixed Platforms.Build.0 = Debug|Win32
		{0FA14EF4-7ABD-4CCF-8160-5B5212E9FECA}.New_Dynarec_Debug|Win32.ActiveCfg = Debug|Win32
		{0FA14EF4-7ABD-4CCF-8160-5B5212E9FECA}.New_Dynarec_Debug|Win32.Build.0 = Debug|Win32
		{0FA14EF4-7ABD-4CCF-8160-5B5212E9FECA}.New_Dynarec_Debug|x86.ActiveCfg = Debug|Win32
		{0FA14EF4-7ABD-4CCF-8160-5B5212E9FECA}.New_Dynarec_Debug|x86.Build.0 = Debug|Win32
		{0FA14EF4-7ABD-4CCF-8160-5B5212E9FECA}.New_Dynarec_Release|Any CPU.ActiveCfg = Release|Win32
		{0FA14EF4-7ABD-4CCF-8160-5B5212E9FECA}.New_Dynarec_Release|Mixed Platforms.ActiveCfg = Release|Win32
		{0FA14EF4-7ABD-4CCF-8160-5B5212E9FECA}.New_Dynarec_Release|Mixed Platforms.Build.0 = Release|Win32
		{0FA14EF4-7ABD-4CCF-8160-5B5212E9FECA}.New_Dynarec_Release|Win32.ActiveCfg = Release|Win32
		{0FA14EF4-7ABD-4CCF-8160-5B5212E9FECA}.New_Dynarec_Release|Win32.Build.0 = Release|Win32
		{0FA14EF4-7ABD-4CCF-8160-5B5212E9FECA}.New_Dynarec_Release|x86.ActiveCfg = Release|Win32
		{0FA14EF4-7ABD-4CCF-8160-5B5212E9FECA}.New_Dynarec_Release|x86.Build.0 = Release|Win32
		{0FA14EF4-7ABD-4CCF-8160-5B5212E9FECA}.Release|Any CPU.ActiveCfg = Release|Win32
		{0FA14EF4-7ABD-4CCF-8160-5B5212E9FECA}.Release|Mixed Platforms.ActiveCfg = Release|Win32
		{0FA14EF4-7ABD-4CCF-8160-5B5212E9FECA}.Release|Mixed Platforms.Build.0 = Release|Win32
		{0FA14EF4-7ABD-4CCF-8160-5B5212E9FECA}.Release|Win32.ActiveCfg = Release|Win32
		{0FA14EF4-7ABD-4CCF-8160-5B5212E9FECA}.Release|Win32.Build.0 = Release|Win32
		{0FA14EF4-7ABD-4CCF-8160-5B5212E9FECA}.Release|x86.ActiveCfg = Release|Win32
		{0FA14EF4-7ABD-4CCF-8160-5B5212E9FECA}.Tests Debug|Any CPU.ActiveCfg = Tests Debug|Win32
		{0FA14EF4-7ABD-4CCF-8160-5B5212E9FECA}.Tests Debug|Mixed Platforms.ActiveCfg = Tests Debug|Win32
		{0FA14EF4-7ABD-4CCF-8160-5B5212E9FECA}.Tests Debug|Mixed Platforms.Build.0 = Tests Debug|Win32
		{0FA14EF4-7ABD-4CCF-8160-5B5212E9FECA}.Tests Debug|Win32.ActiveCfg = Tests Debug|Win32
		{0FA14EF4-7ABD-4CCF-8160-5B5212E9FECA}.Tests Debug|Win32.Build.0 = Tests Debug|Win32
		{0FA14EF4-7ABD-4CCF-8160-5B5212E9FECA}.Tests Debug|x86.ActiveCfg = Tests Debug|Win32
	EndGlobalSection
	GlobalSection(SolutionProperties) = preSolution
		HideSolutionNode = FALSE
	EndGlobalSection
EndGlobal
